# THIS IS AN AUTOGENERATED FILE. DO NOT EDIT THIS FILE DIRECTLY.
# yarn lockfile v1


"@snowpack/plugin-typescript@^1.2.0":
  version "1.2.1"
  resolved "https://registry.npmjs.org/@snowpack/plugin-typescript/-/plugin-typescript-1.2.1.tgz"
  dependencies:
    execa "^5.0.0"
    npm-run-path "^4.0.1"

"@types/canvas-confetti@^1.0.0":
  version "1.4.0"
  resolved "https://registry.npmjs.org/@types/canvas-confetti/-/canvas-confetti-1.4.0.tgz"

"@types/dat.gui@^0.7.6":
  version "0.7.6"
  resolved "https://registry.npmjs.org/@types/dat.gui/-/dat.gui-0.7.6.tgz"

"@types/node@^17.0.30":
  version "17.0.30"
  resolved "https://registry.npmjs.org/@types/node/-/node-17.0.30.tgz"

"@types/snowpack-env@^2.3.2":
  version "2.3.3"
  resolved "https://registry.npmjs.org/@types/snowpack-env/-/snowpack-env-2.3.3.tgz"

"@types/three@^0.127.1":
  version "0.127.1"
  resolved "https://registry.npmjs.org/@types/three/-/three-0.127.1.tgz"

big-integer@^1.6.7:
  version "1.6.48"
  resolved "https://registry.npmjs.org/big-integer/-/big-integer-1.6.48.tgz"

bplist-parser@^0.1.0:
  version "0.1.1"
  resolved "https://registry.npmjs.org/bplist-parser/-/bplist-parser-0.1.1.tgz"
  dependencies:
    big-integer "^1.6.7"

cannon-es@^0.19.0:
  version "0.19.0"
  resolved "https://registry.npmjs.org/cannon-es/-/cannon-es-0.19.0.tgz"

cli-spinners@^2.5.0:
  version "2.6.0"
  resolved "https://registry.npmjs.org/cli-spinners/-/cli-spinners-2.6.0.tgz"

cross-spawn@^7.0.3:
  version "7.0.3"
  resolved "https://registry.npmjs.org/cross-spawn/-/cross-spawn-7.0.3.tgz"
  dependencies:
    path-key "^3.1.0"
    shebang-command "^2.0.0"
    which "^2.0.1"

default-browser-id@^2.0.0:
  version "2.0.0"
  resolved "https://registry.npmjs.org/default-browser-id/-/default-browser-id-2.0.0.tgz"
  dependencies:
    bplist-parser "^0.1.0"
    pify "^2.3.0"
    untildify "^2.0.0"

esbuild@^0.9.3:
  version "0.9.7"
  resolved "https://registry.npmjs.org/esbuild/-/esbuild-0.9.7.tgz"

execa@^5.0.0:
  version "5.0.0"
  resolved "https://registry.npmjs.org/execa/-/execa-5.0.0.tgz"
  dependencies:
    cross-spawn "^7.0.3"
    get-stream "^6.0.0"
    human-signals "^2.1.0"
    is-stream "^2.0.0"
    merge-stream "^2.0.0"
    npm-run-path "^4.0.1"
    onetime "^5.1.2"
    signal-exit "^3.0.3"
    strip-final-newline "^2.0.0"

fdir@^5.0.0:
  version "5.0.0"
  resolved "https://registry.npmjs.org/fdir/-/fdir-5.0.0.tgz"

fsevents@^2.2.0, fsevents@~2.3.1:
  version "2.3.2"
  resolved "https://registry.npmjs.org/fsevents/-/fsevents-2.3.2.tgz"

function-bind@^1.1.1:
  version "1.1.1"
  resolved "https://registry.npmjs.org/function-bind/-/function-bind-1.1.1.tgz"

get-stream@^6.0.0:
  version "6.0.0"
  resolved "https://registry.npmjs.org/get-stream/-/get-stream-6.0.0.tgz"

has@^1.0.3:
  version "1.0.3"
  resolved "https://registry.npmjs.org/has/-/has-1.0.3.tgz"
  dependencies:
    function-bind "^1.1.1"

human-signals@^2.1.0:
  version "2.1.0"
  resolved "https://registry.npmjs.org/human-signals/-/human-signals-2.1.0.tgz"

is-core-module@^2.2.0:
  version "2.2.0"
  resolved "https://registry.npmjs.org/is-core-module/-/is-core-module-2.2.0.tgz"
  dependencies:
    has "^1.0.3"

is-docker@^2.0.0:
  version "2.2.1"
  resolved "https://registry.npmjs.org/is-docker/-/is-docker-2.2.1.tgz"

is-stream@^2.0.0:
  version "2.0.0"
  resolved "https://registry.npmjs.org/is-stream/-/is-stream-2.0.0.tgz"

is-wsl@^2.1.1:
  version "2.2.0"
  resolved "https://registry.npmjs.org/is-wsl/-/is-wsl-2.2.0.tgz"
  dependencies:
    is-docker "^2.0.0"

isexe@^2.0.0:
  version "2.0.0"
  resolved "https://registry.npmjs.org/isexe/-/isexe-2.0.0.tgz"

merge-stream@^2.0.0:
  version "2.0.0"
  resolved "https://registry.npmjs.org/merge-stream/-/merge-stream-2.0.0.tgz"

mimic-fn@^2.1.0:
  version "2.1.0"
  resolved "https://registry.npmjs.org/mimic-fn/-/mimic-fn-2.1.0.tgz"

npm-run-path@^4.0.1:
  version "4.0.1"
  resolved "https://registry.npmjs.org/npm-run-path/-/npm-run-path-4.0.1.tgz"
  dependencies:
    path-key "^3.0.0"

onetime@^5.1.2:
  version "5.1.2"
  resolved "https://registry.npmjs.org/onetime/-/onetime-5.1.2.tgz"
  dependencies:
    mimic-fn "^2.1.0"

open@^7.0.4:
  version "7.4.2"
  resolved "https://registry.npmjs.org/open/-/open-7.4.2.tgz"
  dependencies:
    is-docker "^2.0.0"
    is-wsl "^2.1.1"

os-homedir@^1.0.0:
  version "1.0.2"
  resolved "https://registry.npmjs.org/os-homedir/-/os-homedir-1.0.2.tgz"

path-key@^3.0.0, path-key@^3.1.0:
  version "3.1.1"
  resolved "https://registry.npmjs.org/path-key/-/path-key-3.1.1.tgz"

path-parse@^1.0.6:
  version "1.0.7"
  resolved "https://registry.yarnpkg.com/path-parse/-/path-parse-1.0.7.tgz#fbc114b60ca42b30d9daf5858e4bd68bbedb6735"

picomatch@^2.2.2:
  version "2.2.3"
  resolved "https://registry.npmjs.org/picomatch/-/picomatch-2.2.3.tgz"

pify@^2.3.0:
  version "2.3.0"
  resolved "https://registry.npmjs.org/pify/-/pify-2.3.0.tgz"

prettier@^2.0.5:
  version "2.2.1"
  resolved "https://registry.npmjs.org/prettier/-/prettier-2.2.1.tgz"

resolve@^1.20.0:
  version "1.20.0"
  resolved "https://registry.npmjs.org/resolve/-/resolve-1.20.0.tgz"
  dependencies:
    is-core-module "^2.2.0"
    path-parse "^1.0.6"

rollup@^2.34.0:
  version "2.45.1"
  resolved "https://registry.npmjs.org/rollup/-/rollup-2.45.1.tgz"
  optionalDependencies:
    fsevents "~2.3.1"

shebang-command@^2.0.0:
  version "2.0.0"
  resolved "https://registry.npmjs.org/shebang-command/-/shebang-command-2.0.0.tgz"
  dependencies:
    shebang-regex "^3.0.0"

shebang-regex@^3.0.0:
  version "3.0.0"
  resolved "https://registry.npmjs.org/shebang-regex/-/shebang-regex-3.0.0.tgz"

signal-exit@^3.0.3:
  version "3.0.3"
  resolved "https://registry.npmjs.org/signal-exit/-/signal-exit-3.0.3.tgz"

simplex-noise@^3.0.1:
  version "3.0.1"
  resolved "https://registry.npmjs.org/simplex-noise/-/simplex-noise-3.0.1.tgz"

snowpack@^3.0.1:
  version "3.2.2"
  resolved "https://registry.npmjs.org/snowpack/-/snowpack-3.2.2.tgz"
  dependencies:
    cli-spinners "^2.5.0"
    default-browser-id "^2.0.0"
    esbuild "^0.9.3"
    fdir "^5.0.0"
    open "^7.0.4"
    picomatch "^2.2.2"
    resolve "^1.20.0"
    rollup "^2.34.0"
  optionalDependencies:
    fsevents "^2.2.0"

strip-final-newline@^2.0.0:
  version "2.0.0"
  resolved "https://registry.npmjs.org/strip-final-newline/-/strip-final-newline-2.0.0.tgz"

three@^0.127.0:
  version "0.127.0"
  resolved "https://registry.npmjs.org/three/-/three-0.127.0.tgz"

typescript@^4.0.0:
  version "4.2.4"
  resolved "https://registry.npmjs.org/typescript/-/typescript-4.2.4.tgz"

untildify@^2.0.0:
  version "2.1.0"
  resolved "https://registry.npmjs.org/untildify/-/untildify-2.1.0.tgz"
  dependencies:
    os-homedir "^1.0.0"

which@^2.0.1:
  version "2.0.2"
  resolved "https://registry.npmjs.org/which/-/which-2.0.2.tgz"
  dependencies:
    isexe "^2.0.0"
